// !$*UTF8*$!
{
	archiveVersion = 1;
	classes = {
	};
	objectVersion = 46;
	objects = {

/* Begin PBXBuildFile section */
		D36DEE544E2A7FB5E6ADAB71 /* Pods_CurrencyConverter.framework in Frameworks */ = {isa = PBXBuildFile; fileRef = 724C9895F8291FBE64266A0D /* Pods_CurrencyConverter.framework */; };
		D91004841F4908B5005E27D7 /* UIFont+ext.swift in Sources */ = {isa = PBXBuildFile; fileRef = D91004831F4908B5005E27D7 /* UIFont+ext.swift */; };
		D91E957E1F4839160061301A /* Wallet.swift in Sources */ = {isa = PBXBuildFile; fileRef = D91E957D1F4839160061301A /* Wallet.swift */; };
		D91E95821F4848A20061301A /* UserManager.swift in Sources */ = {isa = PBXBuildFile; fileRef = D91E95811F4848A20061301A /* UserManager.swift */; };
		D91E95851F4849420061301A /* EntityRepository.swift in Sources */ = {isa = PBXBuildFile; fileRef = D91E95841F4849420061301A /* EntityRepository.swift */; };
		D91E958B1F484A260061301A /* UserRepository.swift in Sources */ = {isa = PBXBuildFile; fileRef = D91E958A1F484A260061301A /* UserRepository.swift */; };
		D91E958D1F484B630061301A /* WalletManager.swift in Sources */ = {isa = PBXBuildFile; fileRef = D91E958C1F484B630061301A /* WalletManager.swift */; };
		D91E958F1F4854300061301A /* WalletRepository.swift in Sources */ = {isa = PBXBuildFile; fileRef = D91E958E1F4854300061301A /* WalletRepository.swift */; };
		D91E95941F4859840061301A /* RealmDataFixture.swift in Sources */ = {isa = PBXBuildFile; fileRef = D91E95931F4859840061301A /* RealmDataFixture.swift */; };
		D91E95971F486D850061301A /* UserAssembly.swift in Sources */ = {isa = PBXBuildFile; fileRef = D91E95961F486D850061301A /* UserAssembly.swift */; };
		D91E95991F486E570061301A /* WalletAssembly.swift in Sources */ = {isa = PBXBuildFile; fileRef = D91E95981F486E570061301A /* WalletAssembly.swift */; };
		D91E959C1F4870110061301A /* ApplicationAssembly.swift in Sources */ = {isa = PBXBuildFile; fileRef = D91E959B1F4870110061301A /* ApplicationAssembly.swift */; };
		D923451F1F4C324B00B910A3 /* CurrencyManager.swift in Sources */ = {isa = PBXBuildFile; fileRef = D923451E1F4C324B00B910A3 /* CurrencyManager.swift */; };
		D92345221F4C347500B910A3 /* Constants.swift in Sources */ = {isa = PBXBuildFile; fileRef = D92345211F4C347500B910A3 /* Constants.swift */; };
		D92345241F4C4AA900B910A3 /* Events.swift in Sources */ = {isa = PBXBuildFile; fileRef = D92345231F4C4AA900B910A3 /* Events.swift */; };
		D92345271F4C4BCF00B910A3 /* ApplicationUpdateNotifierListener.swift in Sources */ = {isa = PBXBuildFile; fileRef = D92345261F4C4BCF00B910A3 /* ApplicationUpdateNotifierListener.swift */; };
		D92345291F4C5E4900B910A3 /* Int+ext.swift in Sources */ = {isa = PBXBuildFile; fileRef = D92345281F4C5E4900B910A3 /* Int+ext.swift */; };
		D923452B1F4C5EA400B910A3 /* Double+ext.swift in Sources */ = {isa = PBXBuildFile; fileRef = D923452A1F4C5EA400B910A3 /* Double+ext.swift */; };
		D923452F1F4C61A600B910A3 /* Collection+ext.swift in Sources */ = {isa = PBXBuildFile; fileRef = D923452E1F4C61A600B910A3 /* Collection+ext.swift */; };
		D94474C11F4734F600384DF5 /* UIViewController+ext.swift in Sources */ = {isa = PBXBuildFile; fileRef = D94474C01F4734F600384DF5 /* UIViewController+ext.swift */; };
		D94474CA1F474D9D00384DF5 /* MainViewController.swift in Sources */ = {isa = PBXBuildFile; fileRef = D94474C91F474D9D00384DF5 /* MainViewController.swift */; };
		D98720BF1F497C0B00B4F2F1 /* RoundImageView.swift in Sources */ = {isa = PBXBuildFile; fileRef = D98720BE1F497C0B00B4F2F1 /* RoundImageView.swift */; };
		D98720C31F497ED400B4F2F1 /* NSLocale+ext.swift in Sources */ = {isa = PBXBuildFile; fileRef = D98720C21F497ED400B4F2F1 /* NSLocale+ext.swift */; };
		D98720C81F4991D300B4F2F1 /* AccountSelectionView.swift in Sources */ = {isa = PBXBuildFile; fileRef = D98720C71F4991D300B4F2F1 /* AccountSelectionView.swift */; };
		D98720CA1F49939700B4F2F1 /* EmbeddedTableViewController.swift in Sources */ = {isa = PBXBuildFile; fileRef = D98720C91F49939700B4F2F1 /* EmbeddedTableViewController.swift */; };
		D98720CC1F4995E800B4F2F1 /* AccountSelectionTableViewController.swift in Sources */ = {isa = PBXBuildFile; fileRef = D98720CB1F4995E800B4F2F1 /* AccountSelectionTableViewController.swift */; };
		D98720CE1F49961B00B4F2F1 /* AccountSelectionTableView.swift in Sources */ = {isa = PBXBuildFile; fileRef = D98720CD1F49961B00B4F2F1 /* AccountSelectionTableView.swift */; };
		D98720D01F49980800B4F2F1 /* BaseTableView.swift in Sources */ = {isa = PBXBuildFile; fileRef = D98720CF1F49980800B4F2F1 /* BaseTableView.swift */; };
		D98720D31F4999F400B4F2F1 /* AccountSection.swift in Sources */ = {isa = PBXBuildFile; fileRef = D98720D21F4999F400B4F2F1 /* AccountSection.swift */; };
		D9A03BA51F48A1BA0024378E /* UIColor+ext.swift in Sources */ = {isa = PBXBuildFile; fileRef = D9A03BA41F48A1BA0024378E /* UIColor+ext.swift */; };
		D9AAD2B11F475486006809BB /* MainAssembly.swift in Sources */ = {isa = PBXBuildFile; fileRef = D9AAD2B01F475486006809BB /* MainAssembly.swift */; };
		D9AAD2B71F4755BE006809BB /* AccountSelectionViewController.swift in Sources */ = {isa = PBXBuildFile; fileRef = D9AAD2B61F4755BE006809BB /* AccountSelectionViewController.swift */; };
		D9AAD2BA1F4755FD006809BB /* AccountAssembly.swift in Sources */ = {isa = PBXBuildFile; fileRef = D9AAD2B91F4755FD006809BB /* AccountAssembly.swift */; };
		D9B7CA6D1F4831930055EE8B /* User.swift in Sources */ = {isa = PBXBuildFile; fileRef = D9B7CA6C1F4831930055EE8B /* User.swift */; };
		D9C0AA0B1F4A0D85004DA049 /* UserDefaults+ext.swift in Sources */ = {isa = PBXBuildFile; fileRef = D9C0AA0A1F4A0D85004DA049 /* UserDefaults+ext.swift */; };
		D9C45C931F49C4CB007843C8 /* SelectionTableViewCell.swift in Sources */ = {isa = PBXBuildFile; fileRef = D9C45C921F49C4CB007843C8 /* SelectionTableViewCell.swift */; };
		D9C45C951F49C561007843C8 /* SelectionTableViewHeaderCell.swift in Sources */ = {isa = PBXBuildFile; fileRef = D9C45C941F49C561007843C8 /* SelectionTableViewHeaderCell.swift */; };
		D9C45C981F49C6A5007843C8 /* BaseTableViewCell.swift in Sources */ = {isa = PBXBuildFile; fileRef = D9C45C971F49C6A5007843C8 /* BaseTableViewCell.swift */; };
		D9C45C9A1F49C770007843C8 /* BaseTableViewHeaderCell.swift in Sources */ = {isa = PBXBuildFile; fileRef = D9C45C991F49C770007843C8 /* BaseTableViewHeaderCell.swift */; };
		D9C9E5261F4C286E009B6380 /* CurrencyExchangeManager.swift in Sources */ = {isa = PBXBuildFile; fileRef = D9C9E5251F4C286E009B6380 /* CurrencyExchangeManager.swift */; };
		D9CC5B1B1F4BB9B7000F72E9 /* CurrencyAPIClient.swift in Sources */ = {isa = PBXBuildFile; fileRef = D9CC5B1A1F4BB9B7000F72E9 /* CurrencyAPIClient.swift */; };
		D9D408831F4B677E0077087E /* UpperCurrencySelectionViewController.swift in Sources */ = {isa = PBXBuildFile; fileRef = D9D408821F4B677E0077087E /* UpperCurrencySelectionViewController.swift */; };
		D9D408851F4B67AB0077087E /* LowerCurrencySelectionViewController.swift in Sources */ = {isa = PBXBuildFile; fileRef = D9D408841F4B67AB0077087E /* LowerCurrencySelectionViewController.swift */; };
		D9D408871F4B67E10077087E /* UpperCurrencySelectionView.swift in Sources */ = {isa = PBXBuildFile; fileRef = D9D408861F4B67E10077087E /* UpperCurrencySelectionView.swift */; };
		D9D408891F4B67F90077087E /* LowerCurrencySelectionView.swift in Sources */ = {isa = PBXBuildFile; fileRef = D9D408881F4B67F90077087E /* LowerCurrencySelectionView.swift */; };
		D9D6A3B31F4DB95D00D2DD45 /* ToastManager.swift in Sources */ = {isa = PBXBuildFile; fileRef = D9D6A3B21F4DB95D00D2DD45 /* ToastManager.swift */; };
		D9D7B7691F4714260049499D /* AppDelegate.swift in Sources */ = {isa = PBXBuildFile; fileRef = D9D7B7681F4714260049499D /* AppDelegate.swift */; };
		D9D7B7701F4714260049499D /* Assets.xcassets in Resources */ = {isa = PBXBuildFile; fileRef = D9D7B76F1F4714260049499D /* Assets.xcassets */; };
		D9D7B7731F4714260049499D /* LaunchScreen.storyboard in Resources */ = {isa = PBXBuildFile; fileRef = D9D7B7711F4714260049499D /* LaunchScreen.storyboard */; };
		D9DAE3131F48EB3C00DAB5F0 /* CurrencyExchangeView.swift in Sources */ = {isa = PBXBuildFile; fileRef = D9DAE3121F48EB3C00DAB5F0 /* CurrencyExchangeView.swift */; };
		D9DAE3151F48F90600DAB5F0 /* AccountView.swift in Sources */ = {isa = PBXBuildFile; fileRef = D9DAE3141F48F90600DAB5F0 /* AccountView.swift */; };
		D9DEE7BC1F4AF89A00D821F3 /* CurrencySelectionViewController.swift in Sources */ = {isa = PBXBuildFile; fileRef = D9DEE7BB1F4AF89A00D821F3 /* CurrencySelectionViewController.swift */; };
		D9DEE7BE1F4AF8E500D821F3 /* CurrencySelectionTableViewController.swift in Sources */ = {isa = PBXBuildFile; fileRef = D9DEE7BD1F4AF8E500D821F3 /* CurrencySelectionTableViewController.swift */; };
		D9DEE7C01F4AFAB700D821F3 /* CurrencySelectionView.swift in Sources */ = {isa = PBXBuildFile; fileRef = D9DEE7BF1F4AFAB700D821F3 /* CurrencySelectionView.swift */; };
		D9DEE7C21F4AFAE500D821F3 /* CurrencySelectionTableView.swift in Sources */ = {isa = PBXBuildFile; fileRef = D9DEE7C11F4AFAE500D821F3 /* CurrencySelectionTableView.swift */; };
		D9DEE7C41F4B059B00D821F3 /* UIView+ext.swift in Sources */ = {isa = PBXBuildFile; fileRef = D9DEE7C31F4B059A00D821F3 /* UIView+ext.swift */; };
		D9E0E1111F4C8175008F4539 /* String+ext.swift in Sources */ = {isa = PBXBuildFile; fileRef = D9E0E1101F4C8175008F4539 /* String+ext.swift */; };
		D9E0E1141F4C8E69008F4539 /* Convertion.swift in Sources */ = {isa = PBXBuildFile; fileRef = D9E0E1131F4C8E69008F4539 /* Convertion.swift */; };
		D9E0E1191F4C9119008F4539 /* Money.swift in Sources */ = {isa = PBXBuildFile; fileRef = D9E0E1181F4C9119008F4539 /* Money.swift */; };
		D9E0E11B1F4C913D008F4539 /* ValidationRuleAmountIsNotZero.swift in Sources */ = {isa = PBXBuildFile; fileRef = D9E0E11A1F4C913D008F4539 /* ValidationRuleAmountIsNotZero.swift */; };
		D9E0E11D1F4C91F6008F4539 /* ValidationError.swift in Sources */ = {isa = PBXBuildFile; fileRef = D9E0E11C1F4C91F6008F4539 /* ValidationError.swift */; };
		D9E0E11F1F4C96CB008F4539 /* ValidationRuleAmountIsNotGreater.swift in Sources */ = {isa = PBXBuildFile; fileRef = D9E0E11E1F4C96CB008F4539 /* ValidationRuleAmountIsNotGreater.swift */; };
		D9EF37111F478AB2009E1D8C /* BaseView.swift in Sources */ = {isa = PBXBuildFile; fileRef = D9EF37101F478AB2009E1D8C /* BaseView.swift */; };
		D9EF37131F478BE0009E1D8C /* BaseViewController.swift in Sources */ = {isa = PBXBuildFile; fileRef = D9EF37121F478BE0009E1D8C /* BaseViewController.swift */; };
		D9EF37151F478D3B009E1D8C /* MainView.swift in Sources */ = {isa = PBXBuildFile; fileRef = D9EF37141F478D3B009E1D8C /* MainView.swift */; };
/* End PBXBuildFile section */

/* Begin PBXFileReference section */
		4161C102D279CE926BA4F7F4 /* Pods-CurrencyConverter.release.xcconfig */ = {isa = PBXFileReference; includeInIndex = 1; lastKnownFileType = text.xcconfig; name = "Pods-CurrencyConverter.release.xcconfig"; path = "Pods/Target Support Files/Pods-CurrencyConverter/Pods-CurrencyConverter.release.xcconfig"; sourceTree = "<group>"; };
		724C9895F8291FBE64266A0D /* Pods_CurrencyConverter.framework */ = {isa = PBXFileReference; explicitFileType = wrapper.framework; includeInIndex = 0; path = Pods_CurrencyConverter.framework; sourceTree = BUILT_PRODUCTS_DIR; };
		7A9CD7CEF86D9877DE71C715 /* Pods-CurrencyConverter.debug.xcconfig */ = {isa = PBXFileReference; includeInIndex = 1; lastKnownFileType = text.xcconfig; name = "Pods-CurrencyConverter.debug.xcconfig"; path = "Pods/Target Support Files/Pods-CurrencyConverter/Pods-CurrencyConverter.debug.xcconfig"; sourceTree = "<group>"; };
		D91004831F4908B5005E27D7 /* UIFont+ext.swift */ = {isa = PBXFileReference; fileEncoding = 4; lastKnownFileType = sourcecode.swift; path = "UIFont+ext.swift"; sourceTree = "<group>"; };
		D91E957D1F4839160061301A /* Wallet.swift */ = {isa = PBXFileReference; fileEncoding = 4; lastKnownFileType = sourcecode.swift; path = Wallet.swift; sourceTree = "<group>"; };
		D91E95811F4848A20061301A /* UserManager.swift */ = {isa = PBXFileReference; fileEncoding = 4; lastKnownFileType = sourcecode.swift; path = UserManager.swift; sourceTree = "<group>"; };
		D91E95841F4849420061301A /* EntityRepository.swift */ = {isa = PBXFileReference; fileEncoding = 4; lastKnownFileType = sourcecode.swift; path = EntityRepository.swift; sourceTree = "<group>"; };
		D91E958A1F484A260061301A /* UserRepository.swift */ = {isa = PBXFileReference; fileEncoding = 4; lastKnownFileType = sourcecode.swift; path = UserRepository.swift; sourceTree = "<group>"; };
		D91E958C1F484B630061301A /* WalletManager.swift */ = {isa = PBXFileReference; fileEncoding = 4; lastKnownFileType = sourcecode.swift; path = WalletManager.swift; sourceTree = "<group>"; };
		D91E958E1F4854300061301A /* WalletRepository.swift */ = {isa = PBXFileReference; fileEncoding = 4; lastKnownFileType = sourcecode.swift; path = WalletRepository.swift; sourceTree = "<group>"; };
		D91E95931F4859840061301A /* RealmDataFixture.swift */ = {isa = PBXFileReference; fileEncoding = 4; lastKnownFileType = sourcecode.swift; path = RealmDataFixture.swift; sourceTree = "<group>"; };
		D91E95961F486D850061301A /* UserAssembly.swift */ = {isa = PBXFileReference; fileEncoding = 4; lastKnownFileType = sourcecode.swift; path = UserAssembly.swift; sourceTree = "<group>"; };
		D91E95981F486E570061301A /* WalletAssembly.swift */ = {isa = PBXFileReference; fileEncoding = 4; lastKnownFileType = sourcecode.swift; path = WalletAssembly.swift; sourceTree = "<group>"; };
		D91E959B1F4870110061301A /* ApplicationAssembly.swift */ = {isa = PBXFileReference; fileEncoding = 4; lastKnownFileType = sourcecode.swift; path = ApplicationAssembly.swift; sourceTree = "<group>"; };
		D923451E1F4C324B00B910A3 /* CurrencyManager.swift */ = {isa = PBXFileReference; fileEncoding = 4; lastKnownFileType = sourcecode.swift; path = CurrencyManager.swift; sourceTree = "<group>"; };
		D92345211F4C347500B910A3 /* Constants.swift */ = {isa = PBXFileReference; fileEncoding = 4; lastKnownFileType = sourcecode.swift; path = Constants.swift; sourceTree = "<group>"; };
		D92345231F4C4AA900B910A3 /* Events.swift */ = {isa = PBXFileReference; fileEncoding = 4; lastKnownFileType = sourcecode.swift; path = Events.swift; sourceTree = "<group>"; };
		D92345261F4C4BCF00B910A3 /* ApplicationUpdateNotifierListener.swift */ = {isa = PBXFileReference; fileEncoding = 4; lastKnownFileType = sourcecode.swift; path = ApplicationUpdateNotifierListener.swift; sourceTree = "<group>"; };
		D92345281F4C5E4900B910A3 /* Int+ext.swift */ = {isa = PBXFileReference; fileEncoding = 4; lastKnownFileType = sourcecode.swift; path = "Int+ext.swift"; sourceTree = "<group>"; };
		D923452A1F4C5EA400B910A3 /* Double+ext.swift */ = {isa = PBXFileReference; fileEncoding = 4; lastKnownFileType = sourcecode.swift; path = "Double+ext.swift"; sourceTree = "<group>"; };
		D923452E1F4C61A600B910A3 /* Collection+ext.swift */ = {isa = PBXFileReference; fileEncoding = 4; lastKnownFileType = sourcecode.swift; path = "Collection+ext.swift"; sourceTree = "<group>"; };
		D94474C01F4734F600384DF5 /* UIViewController+ext.swift */ = {isa = PBXFileReference; fileEncoding = 4; lastKnownFileType = sourcecode.swift; path = "UIViewController+ext.swift"; sourceTree = "<group>"; };
		D94474C91F474D9D00384DF5 /* MainViewController.swift */ = {isa = PBXFileReference; fileEncoding = 4; lastKnownFileType = sourcecode.swift; path = MainViewController.swift; sourceTree = "<group>"; };
		D98720BE1F497C0B00B4F2F1 /* RoundImageView.swift */ = {isa = PBXFileReference; fileEncoding = 4; lastKnownFileType = sourcecode.swift; path = RoundImageView.swift; sourceTree = "<group>"; };
		D98720C21F497ED400B4F2F1 /* NSLocale+ext.swift */ = {isa = PBXFileReference; fileEncoding = 4; lastKnownFileType = sourcecode.swift; path = "NSLocale+ext.swift"; sourceTree = "<group>"; };
		D98720C71F4991D300B4F2F1 /* AccountSelectionView.swift */ = {isa = PBXFileReference; fileEncoding = 4; lastKnownFileType = sourcecode.swift; path = AccountSelectionView.swift; sourceTree = "<group>"; };
		D98720C91F49939700B4F2F1 /* EmbeddedTableViewController.swift */ = {isa = PBXFileReference; fileEncoding = 4; lastKnownFileType = sourcecode.swift; path = EmbeddedTableViewController.swift; sourceTree = "<group>"; };
		D98720CB1F4995E800B4F2F1 /* AccountSelectionTableViewController.swift */ = {isa = PBXFileReference; fileEncoding = 4; lastKnownFileType = sourcecode.swift; path = AccountSelectionTableViewController.swift; sourceTree = "<group>"; };
		D98720CD1F49961B00B4F2F1 /* AccountSelectionTableView.swift */ = {isa = PBXFileReference; fileEncoding = 4; lastKnownFileType = sourcecode.swift; path = AccountSelectionTableView.swift; sourceTree = "<group>"; };
		D98720CF1F49980800B4F2F1 /* BaseTableView.swift */ = {isa = PBXFileReference; fileEncoding = 4; lastKnownFileType = sourcecode.swift; path = BaseTableView.swift; sourceTree = "<group>"; };
		D98720D21F4999F400B4F2F1 /* AccountSection.swift */ = {isa = PBXFileReference; fileEncoding = 4; lastKnownFileType = sourcecode.swift; path = AccountSection.swift; sourceTree = "<group>"; };
		D9A03BA41F48A1BA0024378E /* UIColor+ext.swift */ = {isa = PBXFileReference; fileEncoding = 4; lastKnownFileType = sourcecode.swift; path = "UIColor+ext.swift"; sourceTree = "<group>"; };
		D9AAD2B01F475486006809BB /* MainAssembly.swift */ = {isa = PBXFileReference; fileEncoding = 4; lastKnownFileType = sourcecode.swift; path = MainAssembly.swift; sourceTree = "<group>"; };
		D9AAD2B61F4755BE006809BB /* AccountSelectionViewController.swift */ = {isa = PBXFileReference; fileEncoding = 4; lastKnownFileType = sourcecode.swift; path = AccountSelectionViewController.swift; sourceTree = "<group>"; };
		D9AAD2B91F4755FD006809BB /* AccountAssembly.swift */ = {isa = PBXFileReference; fileEncoding = 4; lastKnownFileType = sourcecode.swift; path = AccountAssembly.swift; sourceTree = "<group>"; };
		D9B7CA6C1F4831930055EE8B /* User.swift */ = {isa = PBXFileReference; fileEncoding = 4; lastKnownFileType = sourcecode.swift; path = User.swift; sourceTree = "<group>"; };
		D9C0AA0A1F4A0D85004DA049 /* UserDefaults+ext.swift */ = {isa = PBXFileReference; fileEncoding = 4; lastKnownFileType = sourcecode.swift; path = "UserDefaults+ext.swift"; sourceTree = "<group>"; };
		D9C45C921F49C4CB007843C8 /* SelectionTableViewCell.swift */ = {isa = PBXFileReference; fileEncoding = 4; lastKnownFileType = sourcecode.swift; path = SelectionTableViewCell.swift; sourceTree = "<group>"; };
		D9C45C941F49C561007843C8 /* SelectionTableViewHeaderCell.swift */ = {isa = PBXFileReference; fileEncoding = 4; lastKnownFileType = sourcecode.swift; path = SelectionTableViewHeaderCell.swift; sourceTree = "<group>"; };
		D9C45C971F49C6A5007843C8 /* BaseTableViewCell.swift */ = {isa = PBXFileReference; fileEncoding = 4; lastKnownFileType = sourcecode.swift; path = BaseTableViewCell.swift; sourceTree = "<group>"; };
		D9C45C991F49C770007843C8 /* BaseTableViewHeaderCell.swift */ = {isa = PBXFileReference; fileEncoding = 4; lastKnownFileType = sourcecode.swift; path = BaseTableViewHeaderCell.swift; sourceTree = "<group>"; };
		D9C9E5251F4C286E009B6380 /* CurrencyExchangeManager.swift */ = {isa = PBXFileReference; fileEncoding = 4; lastKnownFileType = sourcecode.swift; path = CurrencyExchangeManager.swift; sourceTree = "<group>"; };
		D9CC5B1A1F4BB9B7000F72E9 /* CurrencyAPIClient.swift */ = {isa = PBXFileReference; fileEncoding = 4; lastKnownFileType = sourcecode.swift; path = CurrencyAPIClient.swift; sourceTree = "<group>"; };
		D9D408821F4B677E0077087E /* UpperCurrencySelectionViewController.swift */ = {isa = PBXFileReference; fileEncoding = 4; lastKnownFileType = sourcecode.swift; path = UpperCurrencySelectionViewController.swift; sourceTree = "<group>"; };
		D9D408841F4B67AB0077087E /* LowerCurrencySelectionViewController.swift */ = {isa = PBXFileReference; fileEncoding = 4; lastKnownFileType = sourcecode.swift; path = LowerCurrencySelectionViewController.swift; sourceTree = "<group>"; };
		D9D408861F4B67E10077087E /* UpperCurrencySelectionView.swift */ = {isa = PBXFileReference; fileEncoding = 4; lastKnownFileType = sourcecode.swift; path = UpperCurrencySelectionView.swift; sourceTree = "<group>"; };
		D9D408881F4B67F90077087E /* LowerCurrencySelectionView.swift */ = {isa = PBXFileReference; fileEncoding = 4; lastKnownFileType = sourcecode.swift; path = LowerCurrencySelectionView.swift; sourceTree = "<group>"; };
		D9D6A3B21F4DB95D00D2DD45 /* ToastManager.swift */ = {isa = PBXFileReference; fileEncoding = 4; lastKnownFileType = sourcecode.swift; path = ToastManager.swift; sourceTree = "<group>"; };
		D9D7B7651F4714260049499D /* CurrencyConverter.app */ = {isa = PBXFileReference; explicitFileType = wrapper.application; includeInIndex = 0; path = CurrencyConverter.app; sourceTree = BUILT_PRODUCTS_DIR; };
		D9D7B7681F4714260049499D /* AppDelegate.swift */ = {isa = PBXFileReference; lastKnownFileType = sourcecode.swift; path = AppDelegate.swift; sourceTree = "<group>"; };
		D9D7B76F1F4714260049499D /* Assets.xcassets */ = {isa = PBXFileReference; lastKnownFileType = folder.assetcatalog; path = Assets.xcassets; sourceTree = "<group>"; };
		D9D7B7721F4714260049499D /* Base */ = {isa = PBXFileReference; lastKnownFileType = file.storyboard; name = Base; path = Base.lproj/LaunchScreen.storyboard; sourceTree = "<group>"; };
		D9D7B7741F4714260049499D /* Info.plist */ = {isa = PBXFileReference; lastKnownFileType = text.plist.xml; path = Info.plist; sourceTree = "<group>"; };
		D9DAE3121F48EB3C00DAB5F0 /* CurrencyExchangeView.swift */ = {isa = PBXFileReference; fileEncoding = 4; lastKnownFileType = sourcecode.swift; path = CurrencyExchangeView.swift; sourceTree = "<group>"; };
		D9DAE3141F48F90600DAB5F0 /* AccountView.swift */ = {isa = PBXFileReference; fileEncoding = 4; lastKnownFileType = sourcecode.swift; path = AccountView.swift; sourceTree = "<group>"; };
		D9DEE7BB1F4AF89A00D821F3 /* CurrencySelectionViewController.swift */ = {isa = PBXFileReference; fileEncoding = 4; lastKnownFileType = sourcecode.swift; path = CurrencySelectionViewController.swift; sourceTree = "<group>"; };
		D9DEE7BD1F4AF8E500D821F3 /* CurrencySelectionTableViewController.swift */ = {isa = PBXFileReference; fileEncoding = 4; lastKnownFileType = sourcecode.swift; path = CurrencySelectionTableViewController.swift; sourceTree = "<group>"; };
		D9DEE7BF1F4AFAB700D821F3 /* CurrencySelectionView.swift */ = {isa = PBXFileReference; fileEncoding = 4; lastKnownFileType = sourcecode.swift; path = CurrencySelectionView.swift; sourceTree = "<group>"; };
		D9DEE7C11F4AFAE500D821F3 /* CurrencySelectionTableView.swift */ = {isa = PBXFileReference; fileEncoding = 4; lastKnownFileType = sourcecode.swift; path = CurrencySelectionTableView.swift; sourceTree = "<group>"; };
		D9DEE7C31F4B059A00D821F3 /* UIView+ext.swift */ = {isa = PBXFileReference; fileEncoding = 4; lastKnownFileType = sourcecode.swift; path = "UIView+ext.swift"; sourceTree = "<group>"; };
		D9E0E1101F4C8175008F4539 /* String+ext.swift */ = {isa = PBXFileReference; fileEncoding = 4; lastKnownFileType = sourcecode.swift; path = "String+ext.swift"; sourceTree = "<group>"; };
		D9E0E1131F4C8E69008F4539 /* Convertion.swift */ = {isa = PBXFileReference; fileEncoding = 4; lastKnownFileType = sourcecode.swift; path = Convertion.swift; sourceTree = "<group>"; };
		D9E0E1181F4C9119008F4539 /* Money.swift */ = {isa = PBXFileReference; fileEncoding = 4; lastKnownFileType = sourcecode.swift; path = Money.swift; sourceTree = "<group>"; };
		D9E0E11A1F4C913D008F4539 /* ValidationRuleAmountIsNotZero.swift */ = {isa = PBXFileReference; fileEncoding = 4; lastKnownFileType = sourcecode.swift; path = ValidationRuleAmountIsNotZero.swift; sourceTree = "<group>"; };
		D9E0E11C1F4C91F6008F4539 /* ValidationError.swift */ = {isa = PBXFileReference; fileEncoding = 4; lastKnownFileType = sourcecode.swift; path = ValidationError.swift; sourceTree = "<group>"; };
		D9E0E11E1F4C96CB008F4539 /* ValidationRuleAmountIsNotGreater.swift */ = {isa = PBXFileReference; fileEncoding = 4; lastKnownFileType = sourcecode.swift; path = ValidationRuleAmountIsNotGreater.swift; sourceTree = "<group>"; };
		D9EF37101F478AB2009E1D8C /* BaseView.swift */ = {isa = PBXFileReference; fileEncoding = 4; lastKnownFileType = sourcecode.swift; path = BaseView.swift; sourceTree = "<group>"; };
		D9EF37121F478BE0009E1D8C /* BaseViewController.swift */ = {isa = PBXFileReference; fileEncoding = 4; lastKnownFileType = sourcecode.swift; path = BaseViewController.swift; sourceTree = "<group>"; };
		D9EF37141F478D3B009E1D8C /* MainView.swift */ = {isa = PBXFileReference; fileEncoding = 4; lastKnownFileType = sourcecode.swift; path = MainView.swift; sourceTree = "<group>"; };
/* End PBXFileReference section */

/* Begin PBXFrameworksBuildPhase section */
		D9D7B7621F4714260049499D /* Frameworks */ = {
			isa = PBXFrameworksBuildPhase;
			buildActionMask = 2147483647;
			files = (
				D36DEE544E2A7FB5E6ADAB71 /* Pods_CurrencyConverter.framework in Frameworks */,
			);
			runOnlyForDeploymentPostprocessing = 0;
		};
/* End PBXFrameworksBuildPhase section */

/* Begin PBXGroup section */
		819AB1E7EF3A5EA544D7A7A9 /* Frameworks */ = {
			isa = PBXGroup;
			children = (
				724C9895F8291FBE64266A0D /* Pods_CurrencyConverter.framework */,
			);
			name = Frameworks;
			sourceTree = "<group>";
		};
		D91E95801F4848880061301A /* Services */ = {
			isa = PBXGroup;
			children = (
				D91E95811F4848A20061301A /* UserManager.swift */,
				D91E958C1F484B630061301A /* WalletManager.swift */,
			);
			path = Services;
			sourceTree = "<group>";
		};
		D91E95831F4849180061301A /* Repositories */ = {
			isa = PBXGroup;
			children = (
				D91E95841F4849420061301A /* EntityRepository.swift */,
			);
			path = Repositories;
			sourceTree = "<group>";
		};
		D91E95891F4849D80061301A /* Repositories */ = {
			isa = PBXGroup;
			children = (
				D91E958A1F484A260061301A /* UserRepository.swift */,
				D91E958E1F4854300061301A /* WalletRepository.swift */,
			);
			path = Repositories;
			sourceTree = "<group>";
		};
		D91E95921F48596D0061301A /* Services */ = {
			isa = PBXGroup;
			children = (
				D91E95931F4859840061301A /* RealmDataFixture.swift */,
				D9C9E5251F4C286E009B6380 /* CurrencyExchangeManager.swift */,
				D923451E1F4C324B00B910A3 /* CurrencyManager.swift */,
				D9D6A3B21F4DB95D00D2DD45 /* ToastManager.swift */,
			);
			path = Services;
			sourceTree = "<group>";
		};
		D91E95951F486D5A0061301A /* Assemblies */ = {
			isa = PBXGroup;
			children = (
				D91E95961F486D850061301A /* UserAssembly.swift */,
				D91E95981F486E570061301A /* WalletAssembly.swift */,
			);
			path = Assemblies;
			sourceTree = "<group>";
		};
		D91E959A1F486FF70061301A /* Assemblies */ = {
			isa = PBXGroup;
			children = (
				D91E959B1F4870110061301A /* ApplicationAssembly.swift */,
			);
			path = Assemblies;
			sourceTree = "<group>";
		};
		D92345201F4C345000B910A3 /* Resources */ = {
			isa = PBXGroup;
			children = (
				D92345211F4C347500B910A3 /* Constants.swift */,
				D92345231F4C4AA900B910A3 /* Events.swift */,
			);
			path = Resources;
			sourceTree = "<group>";
		};
		D92345251F4C4B3800B910A3 /* Listeners */ = {
			isa = PBXGroup;
			children = (
				D92345261F4C4BCF00B910A3 /* ApplicationUpdateNotifierListener.swift */,
			);
			path = Listeners;
			sourceTree = "<group>";
		};
		D94474BE1F47344500384DF5 /* Common */ = {
			isa = PBXGroup;
			children = (
				D91E959A1F486FF70061301A /* Assemblies */,
				D9CC5B191F4BB981000F72E9 /* API */,
				D91E95921F48596D0061301A /* Services */,
				D91E95831F4849180061301A /* Repositories */,
				D9E0E1121F4C8D7F008F4539 /* Entities */,
				D92345251F4C4B3800B910A3 /* Listeners */,
				D9EF370E1F478A95009E1D8C /* Controllers */,
				D9EF370F1F478AA0009E1D8C /* Views */,
				D94474BF1F4734DF00384DF5 /* Extensions */,
				D9E0E1171F4C90F2008F4539 /* Validators */,
				D92345201F4C345000B910A3 /* Resources */,
			);
			path = Common;
			sourceTree = "<group>";
		};
		D94474BF1F4734DF00384DF5 /* Extensions */ = {
			isa = PBXGroup;
			children = (
				D94474C01F4734F600384DF5 /* UIViewController+ext.swift */,
				D9A03BA41F48A1BA0024378E /* UIColor+ext.swift */,
				D91004831F4908B5005E27D7 /* UIFont+ext.swift */,
				D98720C21F497ED400B4F2F1 /* NSLocale+ext.swift */,
				D9C0AA0A1F4A0D85004DA049 /* UserDefaults+ext.swift */,
				D9DEE7C31F4B059A00D821F3 /* UIView+ext.swift */,
				D92345281F4C5E4900B910A3 /* Int+ext.swift */,
				D923452A1F4C5EA400B910A3 /* Double+ext.swift */,
				D923452E1F4C61A600B910A3 /* Collection+ext.swift */,
				D9E0E1101F4C8175008F4539 /* String+ext.swift */,
			);
			path = Extensions;
			sourceTree = "<group>";
		};
		D94474C41F473E8200384DF5 /* Account */ = {
			isa = PBXGroup;
			children = (
				D9AAD2B81F4755DD006809BB /* Assemblies */,
				D98720D11F4999C500B4F2F1 /* Entities */,
				D9AAD2B51F47559A006809BB /* Controllers */,
				D98720C61F49919400B4F2F1 /* Views */,
			);
			path = Account;
			sourceTree = "<group>";
		};
		D94474C51F474C4800384DF5 /* Home */ = {
			isa = PBXGroup;
			children = (
				D9AAD2AF1F47526B006809BB /* Assemblies */,
				D94474C71F474D4C00384DF5 /* Controllers */,
				D94474C81F474D6400384DF5 /* Views */,
			);
			path = Home;
			sourceTree = "<group>";
		};
		D94474C71F474D4C00384DF5 /* Controllers */ = {
			isa = PBXGroup;
			children = (
				D94474C91F474D9D00384DF5 /* MainViewController.swift */,
			);
			path = Controllers;
			sourceTree = "<group>";
		};
		D94474C81F474D6400384DF5 /* Views */ = {
			isa = PBXGroup;
			children = (
				D9EF37141F478D3B009E1D8C /* MainView.swift */,
				D9DAE3121F48EB3C00DAB5F0 /* CurrencyExchangeView.swift */,
				D9DAE3141F48F90600DAB5F0 /* AccountView.swift */,
			);
			path = Views;
			sourceTree = "<group>";
		};
		D98720C61F49919400B4F2F1 /* Views */ = {
			isa = PBXGroup;
			children = (
				D9C45C8B1F49C349007843C8 /* Cells */,
				D98720C71F4991D300B4F2F1 /* AccountSelectionView.swift */,
				D98720CD1F49961B00B4F2F1 /* AccountSelectionTableView.swift */,
				D9DEE7BF1F4AFAB700D821F3 /* CurrencySelectionView.swift */,
				D9DEE7C11F4AFAE500D821F3 /* CurrencySelectionTableView.swift */,
				D9D408861F4B67E10077087E /* UpperCurrencySelectionView.swift */,
				D9D408881F4B67F90077087E /* LowerCurrencySelectionView.swift */,
			);
			path = Views;
			sourceTree = "<group>";
		};
		D98720D11F4999C500B4F2F1 /* Entities */ = {
			isa = PBXGroup;
			children = (
				D98720D21F4999F400B4F2F1 /* AccountSection.swift */,
			);
			path = Entities;
			sourceTree = "<group>";
		};
		D9AAD2AF1F47526B006809BB /* Assemblies */ = {
			isa = PBXGroup;
			children = (
				D9AAD2B01F475486006809BB /* MainAssembly.swift */,
			);
			path = Assemblies;
			sourceTree = "<group>";
		};
		D9AAD2B51F47559A006809BB /* Controllers */ = {
			isa = PBXGroup;
			children = (
				D9AAD2B61F4755BE006809BB /* AccountSelectionViewController.swift */,
				D98720CB1F4995E800B4F2F1 /* AccountSelectionTableViewController.swift */,
				D9DEE7BB1F4AF89A00D821F3 /* CurrencySelectionViewController.swift */,
				D9DEE7BD1F4AF8E500D821F3 /* CurrencySelectionTableViewController.swift */,
				D9D408821F4B677E0077087E /* UpperCurrencySelectionViewController.swift */,
				D9D408841F4B67AB0077087E /* LowerCurrencySelectionViewController.swift */,
			);
			path = Controllers;
			sourceTree = "<group>";
		};
		D9AAD2B81F4755DD006809BB /* Assemblies */ = {
			isa = PBXGroup;
			children = (
				D9AAD2B91F4755FD006809BB /* AccountAssembly.swift */,
			);
			path = Assemblies;
			sourceTree = "<group>";
		};
		D9B7CA6A1F4831620055EE8B /* User */ = {
			isa = PBXGroup;
			children = (
				D91E95951F486D5A0061301A /* Assemblies */,
				D91E95801F4848880061301A /* Services */,
				D91E95891F4849D80061301A /* Repositories */,
				D9B7CA6B1F48317B0055EE8B /* Entities */,
			);
			path = User;
			sourceTree = "<group>";
		};
		D9B7CA6B1F48317B0055EE8B /* Entities */ = {
			isa = PBXGroup;
			children = (
				D9B7CA6C1F4831930055EE8B /* User.swift */,
				D91E957D1F4839160061301A /* Wallet.swift */,
			);
			path = Entities;
			sourceTree = "<group>";
		};
		D9C45C8B1F49C349007843C8 /* Cells */ = {
			isa = PBXGroup;
			children = (
				D9C45C921F49C4CB007843C8 /* SelectionTableViewCell.swift */,
				D9C45C941F49C561007843C8 /* SelectionTableViewHeaderCell.swift */,
			);
			path = Cells;
			sourceTree = "<group>";
		};
		D9C45C961F49C692007843C8 /* Cells */ = {
			isa = PBXGroup;
			children = (
				D9C45C971F49C6A5007843C8 /* BaseTableViewCell.swift */,
				D9C45C991F49C770007843C8 /* BaseTableViewHeaderCell.swift */,
			);
			path = Cells;
			sourceTree = "<group>";
		};
		D9CC5B191F4BB981000F72E9 /* API */ = {
			isa = PBXGroup;
			children = (
				D9CC5B1A1F4BB9B7000F72E9 /* CurrencyAPIClient.swift */,
			);
			path = API;
			sourceTree = "<group>";
		};
		D9D7B75C1F4714260049499D = {
			isa = PBXGroup;
			children = (
				D9D7B7671F4714260049499D /* CurrencyConverter */,
				D9D7B7661F4714260049499D /* Products */,
				E14813B1BF493F57F31FEF9F /* Pods */,
				819AB1E7EF3A5EA544D7A7A9 /* Frameworks */,
			);
			sourceTree = "<group>";
		};
		D9D7B7661F4714260049499D /* Products */ = {
			isa = PBXGroup;
			children = (
				D9D7B7651F4714260049499D /* CurrencyConverter.app */,
			);
			name = Products;
			sourceTree = "<group>";
		};
		D9D7B7671F4714260049499D /* CurrencyConverter */ = {
			isa = PBXGroup;
			children = (
				D9B7CA6A1F4831620055EE8B /* User */,
				D94474C51F474C4800384DF5 /* Home */,
				D94474C41F473E8200384DF5 /* Account */,
				D94474BE1F47344500384DF5 /* Common */,
				D9D7B7681F4714260049499D /* AppDelegate.swift */,
				D9D7B76F1F4714260049499D /* Assets.xcassets */,
				D9D7B7711F4714260049499D /* LaunchScreen.storyboard */,
				D9D7B7741F4714260049499D /* Info.plist */,
			);
			path = CurrencyConverter;
			sourceTree = "<group>";
		};
		D9E0E1121F4C8D7F008F4539 /* Entities */ = {
			isa = PBXGroup;
			children = (
				D9E0E1131F4C8E69008F4539 /* Convertion.swift */,
			);
			path = Entities;
			sourceTree = "<group>";
		};
		D9E0E1171F4C90F2008F4539 /* Validators */ = {
			isa = PBXGroup;
			children = (
				D9E0E1181F4C9119008F4539 /* Money.swift */,
				D9E0E11A1F4C913D008F4539 /* ValidationRuleAmountIsNotZero.swift */,
				D9E0E11C1F4C91F6008F4539 /* ValidationError.swift */,
				D9E0E11E1F4C96CB008F4539 /* ValidationRuleAmountIsNotGreater.swift */,
			);
			path = Validators;
			sourceTree = "<group>";
		};
		D9EF370E1F478A95009E1D8C /* Controllers */ = {
			isa = PBXGroup;
			children = (
				D9EF37121F478BE0009E1D8C /* BaseViewController.swift */,
				D98720C91F49939700B4F2F1 /* EmbeddedTableViewController.swift */,
			);
			path = Controllers;
			sourceTree = "<group>";
		};
		D9EF370F1F478AA0009E1D8C /* Views */ = {
			isa = PBXGroup;
			children = (
				D9C45C961F49C692007843C8 /* Cells */,
				D9EF37101F478AB2009E1D8C /* BaseView.swift */,
				D98720BE1F497C0B00B4F2F1 /* RoundImageView.swift */,
				D98720CF1F49980800B4F2F1 /* BaseTableView.swift */,
			);
			path = Views;
			sourceTree = "<group>";
		};
		E14813B1BF493F57F31FEF9F /* Pods */ = {
			isa = PBXGroup;
			children = (
				7A9CD7CEF86D9877DE71C715 /* Pods-CurrencyConverter.debug.xcconfig */,
				4161C102D279CE926BA4F7F4 /* Pods-CurrencyConverter.release.xcconfig */,
			);
			name = Pods;
			sourceTree = "<group>";
		};
/* End PBXGroup section */

/* Begin PBXNativeTarget section */
		D9D7B7641F4714260049499D /* CurrencyConverter */ = {
			isa = PBXNativeTarget;
			buildConfigurationList = D9D7B7771F4714260049499D /* Build configuration list for PBXNativeTarget "CurrencyConverter" */;
			buildPhases = (
				AE4E07498F994E320A92FD08 /* [CP] Check Pods Manifest.lock */,
				D9D7B7611F4714260049499D /* Sources */,
				D9D7B7621F4714260049499D /* Frameworks */,
				D9D7B7631F4714260049499D /* Resources */,
				9C85D637193C26003B6AEA52 /* [CP] Embed Pods Frameworks */,
				77D46A4EED47F0767EA4DF7E /* [CP] Copy Pods Resources */,
			);
			buildRules = (
			);
			dependencies = (
			);
			name = CurrencyConverter;
			productName = CurrencyConverter;
			productReference = D9D7B7651F4714260049499D /* CurrencyConverter.app */;
			productType = "com.apple.product-type.application";
		};
/* End PBXNativeTarget section */

/* Begin PBXProject section */
		D9D7B75D1F4714260049499D /* Project object */ = {
			isa = PBXProject;
			attributes = {
				LastSwiftUpdateCheck = 0830;
				LastUpgradeCheck = 0830;
				ORGANIZATIONNAME = Rokas;
				TargetAttributes = {
					D9D7B7641F4714260049499D = {
						CreatedOnToolsVersion = 8.3.3;
						DevelopmentTeam = VZAF75A3EV;
						ProvisioningStyle = Automatic;
					};
				};
			};
			buildConfigurationList = D9D7B7601F4714260049499D /* Build configuration list for PBXProject "CurrencyConverter" */;
			compatibilityVersion = "Xcode 3.2";
			developmentRegion = English;
			hasScannedForEncodings = 0;
			knownRegions = (
				en,
				Base,
			);
			mainGroup = D9D7B75C1F4714260049499D;
			productRefGroup = D9D7B7661F4714260049499D /* Products */;
			projectDirPath = "";
			projectRoot = "";
			targets = (
				D9D7B7641F4714260049499D /* CurrencyConverter */,
			);
		};
/* End PBXProject section */

/* Begin PBXResourcesBuildPhase section */
		D9D7B7631F4714260049499D /* Resources */ = {
			isa = PBXResourcesBuildPhase;
			buildActionMask = 2147483647;
			files = (
				D9D7B7731F4714260049499D /* LaunchScreen.storyboard in Resources */,
				D9D7B7701F4714260049499D /* Assets.xcassets in Resources */,
			);
			runOnlyForDeploymentPostprocessing = 0;
		};
/* End PBXResourcesBuildPhase section */

/* Begin PBXShellScriptBuildPhase section */
		77D46A4EED47F0767EA4DF7E /* [CP] Copy Pods Resources */ = {
			isa = PBXShellScriptBuildPhase;
			buildActionMask = 2147483647;
			files = (
			);
			inputPaths = (
			);
			name = "[CP] Copy Pods Resources";
			outputPaths = (
			);
			runOnlyForDeploymentPostprocessing = 0;
			shellPath = /bin/sh;
			shellScript = "\"${SRCROOT}/Pods/Target Support Files/Pods-CurrencyConverter/Pods-CurrencyConverter-resources.sh\"\n";
			showEnvVarsInLog = 0;
		};
		9C85D637193C26003B6AEA52 /* [CP] Embed Pods Frameworks */ = {
			isa = PBXShellScriptBuildPhase;
			buildActionMask = 2147483647;
			files = (
			);
			inputPaths = (
				"${SRCROOT}/Pods/Target Support Files/Pods-CurrencyConverter/Pods-CurrencyConverter-frameworks.sh",
				"${BUILT_PRODUCTS_DIR}/Alamofire/Alamofire.framework",
				"${BUILT_PRODUCTS_DIR}/Bolts/Bolts.framework",
				"${BUILT_PRODUCTS_DIR}/CRToast/CRToast.framework",
				"${BUILT_PRODUCTS_DIR}/Realm/Realm.framework",
				"${BUILT_PRODUCTS_DIR}/RealmSwift/RealmSwift.framework",
				"${BUILT_PRODUCTS_DIR}/TMCache/TMCache.framework",
				"${BUILT_PRODUCTS_DIR}/Typhoon/Typhoon.framework",
				"${BUILT_PRODUCTS_DIR}/Validator/Validator.framework",
			);
			name = "[CP] Embed Pods Frameworks";
			outputPaths = (
				"${TARGET_BUILD_DIR}/${FRAMEWORKS_FOLDER_PATH}/Alamofire.framework",
				"${TARGET_BUILD_DIR}/${FRAMEWORKS_FOLDER_PATH}/Bolts.framework",
				"${TARGET_BUILD_DIR}/${FRAMEWORKS_FOLDER_PATH}/CRToast.framework",
				"${TARGET_BUILD_DIR}/${FRAMEWORKS_FOLDER_PATH}/Realm.framework",
				"${TARGET_BUILD_DIR}/${FRAMEWORKS_FOLDER_PATH}/RealmSwift.framework",
				"${TARGET_BUILD_DIR}/${FRAMEWORKS_FOLDER_PATH}/TMCache.framework",
				"${TARGET_BUILD_DIR}/${FRAMEWORKS_FOLDER_PATH}/Typhoon.framework",
				"${TARGET_BUILD_DIR}/${FRAMEWORKS_FOLDER_PATH}/Validator.framework",
			);
			runOnlyForDeploymentPostprocessing = 0;
			shellPath = /bin/sh;
			shellScript = "\"${SRCROOT}/Pods/Target Support Files/Pods-CurrencyConverter/Pods-CurrencyConverter-frameworks.sh\"\n";
			showEnvVarsInLog = 0;
		};
		AE4E07498F994E320A92FD08 /* [CP] Check Pods Manifest.lock */ = {
			isa = PBXShellScriptBuildPhase;
			buildActionMask = 2147483647;
			files = (
			);
			inputPaths = (
				"${PODS_PODFILE_DIR_PATH}/Podfile.lock",
				"${PODS_ROOT}/Manifest.lock",
			);
			name = "[CP] Check Pods Manifest.lock";
			outputPaths = (
				"$(DERIVED_FILE_DIR)/Pods-CurrencyConverter-checkManifestLockResult.txt",
			);
			runOnlyForDeploymentPostprocessing = 0;
			shellPath = /bin/sh;
			shellScript = "diff \"${PODS_PODFILE_DIR_PATH}/Podfile.lock\" \"${PODS_ROOT}/Manifest.lock\" > /dev/null\nif [ $? != 0 ] ; then\n    # print error to STDERR\n    echo \"error: The sandbox is not in sync with the Podfile.lock. Run 'pod install' or update your CocoaPods installation.\" >&2\n    exit 1\nfi\n# This output is used by Xcode 'outputs' to avoid re-running this script phase.\necho \"SUCCESS\" > \"${SCRIPT_OUTPUT_FILE_0}\"\n";
			showEnvVarsInLog = 0;
		};
/* End PBXShellScriptBuildPhase section */

/* Begin PBXSourcesBuildPhase section */
		D9D7B7611F4714260049499D /* Sources */ = {
			isa = PBXSourcesBuildPhase;
			buildActionMask = 2147483647;
			files = (
				D923452B1F4C5EA400B910A3 /* Double+ext.swift in Sources */,
				D9DEE7BE1F4AF8E500D821F3 /* CurrencySelectionTableViewController.swift in Sources */,
				D9C9E5261F4C286E009B6380 /* CurrencyExchangeManager.swift in Sources */,
				D923451F1F4C324B00B910A3 /* CurrencyManager.swift in Sources */,
				D92345271F4C4BCF00B910A3 /* ApplicationUpdateNotifierListener.swift in Sources */,
				D9C0AA0B1F4A0D85004DA049 /* UserDefaults+ext.swift in Sources */,
				D9D408851F4B67AB0077087E /* LowerCurrencySelectionViewController.swift in Sources */,
				D91E957E1F4839160061301A /* Wallet.swift in Sources */,
				D91E95821F4848A20061301A /* UserManager.swift in Sources */,
				D94474CA1F474D9D00384DF5 /* MainViewController.swift in Sources */,
				D91E95851F4849420061301A /* EntityRepository.swift in Sources */,
				D98720CC1F4995E800B4F2F1 /* AccountSelectionTableViewController.swift in Sources */,
				D91E959C1F4870110061301A /* ApplicationAssembly.swift in Sources */,
				D9D408831F4B677E0077087E /* UpperCurrencySelectionViewController.swift in Sources */,
				D9E0E1111F4C8175008F4539 /* String+ext.swift in Sources */,
				D98720CA1F49939700B4F2F1 /* EmbeddedTableViewController.swift in Sources */,
				D9E0E1141F4C8E69008F4539 /* Convertion.swift in Sources */,
				D9AAD2B11F475486006809BB /* MainAssembly.swift in Sources */,
				D9C45C981F49C6A5007843C8 /* BaseTableViewCell.swift in Sources */,
				D98720C31F497ED400B4F2F1 /* NSLocale+ext.swift in Sources */,
				D9AAD2B71F4755BE006809BB /* AccountSelectionViewController.swift in Sources */,
				D91E95941F4859840061301A /* RealmDataFixture.swift in Sources */,
				D9D408891F4B67F90077087E /* LowerCurrencySelectionView.swift in Sources */,
				D92345291F4C5E4900B910A3 /* Int+ext.swift in Sources */,
				D94474C11F4734F600384DF5 /* UIViewController+ext.swift in Sources */,
				D9A03BA51F48A1BA0024378E /* UIColor+ext.swift in Sources */,
				D9DAE3131F48EB3C00DAB5F0 /* CurrencyExchangeView.swift in Sources */,
				D9EF37131F478BE0009E1D8C /* BaseViewController.swift in Sources */,
				D9CC5B1B1F4BB9B7000F72E9 /* CurrencyAPIClient.swift in Sources */,
				D9E0E11B1F4C913D008F4539 /* ValidationRuleAmountIsNotZero.swift in Sources */,
				D98720CE1F49961B00B4F2F1 /* AccountSelectionTableView.swift in Sources */,
				D92345221F4C347500B910A3 /* Constants.swift in Sources */,
				D98720D31F4999F400B4F2F1 /* AccountSection.swift in Sources */,
				D9AAD2BA1F4755FD006809BB /* AccountAssembly.swift in Sources */,
				D98720C81F4991D300B4F2F1 /* AccountSelectionView.swift in Sources */,
				D9E0E11F1F4C96CB008F4539 /* ValidationRuleAmountIsNotGreater.swift in Sources */,
				D91004841F4908B5005E27D7 /* UIFont+ext.swift in Sources */,
				D9EF37151F478D3B009E1D8C /* MainView.swift in Sources */,
				D9DEE7C41F4B059B00D821F3 /* UIView+ext.swift in Sources */,
				D9E0E11D1F4C91F6008F4539 /* ValidationError.swift in Sources */,
				D9C45C951F49C561007843C8 /* SelectionTableViewHeaderCell.swift in Sources */,
				D9B7CA6D1F4831930055EE8B /* User.swift in Sources */,
				D9DEE7C01F4AFAB700D821F3 /* CurrencySelectionView.swift in Sources */,
				D98720BF1F497C0B00B4F2F1 /* RoundImageView.swift in Sources */,
				D9DEE7C21F4AFAE500D821F3 /* CurrencySelectionTableView.swift in Sources */,
				D9EF37111F478AB2009E1D8C /* BaseView.swift in Sources */,
				D91E95991F486E570061301A /* WalletAssembly.swift in Sources */,
				D9D7B7691F4714260049499D /* AppDelegate.swift in Sources */,
				D91E958F1F4854300061301A /* WalletRepository.swift in Sources */,
				D9C45C931F49C4CB007843C8 /* SelectionTableViewCell.swift in Sources */,
				D91E95971F486D850061301A /* UserAssembly.swift in Sources */,
				D9D6A3B31F4DB95D00D2DD45 /* ToastManager.swift in Sources */,
				D923452F1F4C61A600B910A3 /* Collection+ext.swift in Sources */,
				D9D408871F4B67E10077087E /* UpperCurrencySelectionView.swift in Sources */,
				D98720D01F49980800B4F2F1 /* BaseTableView.swift in Sources */,
				D91E958B1F484A260061301A /* UserRepository.swift in Sources */,
				D9E0E1191F4C9119008F4539 /* Money.swift in Sources */,
				D9C45C9A1F49C770007843C8 /* BaseTableViewHeaderCell.swift in Sources */,
				D91E958D1F484B630061301A /* WalletManager.swift in Sources */,
				D92345241F4C4AA900B910A3 /* Events.swift in Sources */,
				D9DEE7BC1F4AF89A00D821F3 /* CurrencySelectionViewController.swift in Sources */,
				D9DAE3151F48F90600DAB5F0 /* AccountView.swift in Sources */,
			);
			runOnlyForDeploymentPostprocessing = 0;
		};
/* End PBXSourcesBuildPhase section */

/* Begin PBXVariantGroup section */
		D9D7B7711F4714260049499D /* LaunchScreen.storyboard */ = {
			isa = PBXVariantGroup;
			children = (
				D9D7B7721F4714260049499D /* Base */,
			);
			name = LaunchScreen.storyboard;
			sourceTree = "<group>";
		};
/* End PBXVariantGroup section */

/* Begin XCBuildConfiguration section */
		D9D7B7751F4714260049499D /* Debug */ = {
			isa = XCBuildConfiguration;
			buildSettings = {
				ALWAYS_SEARCH_USER_PATHS = NO;
				CLANG_ANALYZER_NONNULL = YES;
				CLANG_ANALYZER_NUMBER_OBJECT_CONVERSION = YES_AGGRESSIVE;
				CLANG_CXX_LANGUAGE_STANDARD = "gnu++0x";
				CLANG_CXX_LIBRARY = "libc++";
				CLANG_ENABLE_MODULES = YES;
				CLANG_ENABLE_OBJC_ARC = YES;
				CLANG_WARN_BOOL_CONVERSION = YES;
				CLANG_WARN_CONSTANT_CONVERSION = YES;
				CLANG_WARN_DIRECT_OBJC_ISA_USAGE = YES_ERROR;
				CLANG_WARN_DOCUMENTATION_COMMENTS = YES;
				CLANG_WARN_EMPTY_BODY = YES;
				CLANG_WARN_ENUM_CONVERSION = YES;
				CLANG_WARN_INFINITE_RECURSION = YES;
				CLANG_WARN_INT_CONVERSION = YES;
				CLANG_WARN_OBJC_ROOT_CLASS = YES_ERROR;
				CLANG_WARN_SUSPICIOUS_MOVE = YES;
				CLANG_WARN_UNREACHABLE_CODE = YES;
				CLANG_WARN__DUPLICATE_METHOD_MATCH = YES;
				"CODE_SIGN_IDENTITY[sdk=iphoneos*]" = "iPhone Developer";
				COPY_PHASE_STRIP = NO;
				DEBUG_INFORMATION_FORMAT = dwarf;
				ENABLE_STRICT_OBJC_MSGSEND = YES;
				ENABLE_TESTABILITY = YES;
				GCC_C_LANGUAGE_STANDARD = gnu99;
				GCC_DYNAMIC_NO_PIC = NO;
				GCC_NO_COMMON_BLOCKS = YES;
				GCC_OPTIMIZATION_LEVEL = 0;
				GCC_PREPROCESSOR_DEFINITIONS = (
					"DEBUG=1",
					"$(inherited)",
				);
				GCC_WARN_64_TO_32_BIT_CONVERSION = YES;
				GCC_WARN_ABOUT_RETURN_TYPE = YES_ERROR;
				GCC_WARN_UNDECLARED_SELECTOR = YES;
				GCC_WARN_UNINITIALIZED_AUTOS = YES_AGGRESSIVE;
				GCC_WARN_UNUSED_FUNCTION = YES;
				GCC_WARN_UNUSED_VARIABLE = YES;
				IPHONEOS_DEPLOYMENT_TARGET = 10.3;
				MTL_ENABLE_DEBUG_INFO = YES;
				ONLY_ACTIVE_ARCH = YES;
				SDKROOT = iphoneos;
				SWIFT_ACTIVE_COMPILATION_CONDITIONS = DEBUG;
				SWIFT_OPTIMIZATION_LEVEL = "-Onone";
			};
			name = Debug;
		};
		D9D7B7761F4714260049499D /* Release */ = {
			isa = XCBuildConfiguration;
			buildSettings = {
				ALWAYS_SEARCH_USER_PATHS = NO;
				CLANG_ANALYZER_NONNULL = YES;
				CLANG_ANALYZER_NUMBER_OBJECT_CONVERSION = YES_AGGRESSIVE;
				CLANG_CXX_LANGUAGE_STANDARD = "gnu++0x";
				CLANG_CXX_LIBRARY = "libc++";
				CLANG_ENABLE_MODULES = YES;
				CLANG_ENABLE_OBJC_ARC = YES;
				CLANG_WARN_BOOL_CONVERSION = YES;
				CLANG_WARN_CONSTANT_CONVERSION = YES;
				CLANG_WARN_DIRECT_OBJC_ISA_USAGE = YES_ERROR;
				CLANG_WARN_DOCUMENTATION_COMMENTS = YES;
				CLANG_WARN_EMPTY_BODY = YES;
				CLANG_WARN_ENUM_CONVERSION = YES;
				CLANG_WARN_INFINITE_RECURSION = YES;
				CLANG_WARN_INT_CONVERSION = YES;
				CLANG_WARN_OBJC_ROOT_CLASS = YES_ERROR;
				CLANG_WARN_SUSPICIOUS_MOVE = YES;
				CLANG_WARN_UNREACHABLE_CODE = YES;
				CLANG_WARN__DUPLICATE_METHOD_MATCH = YES;
				"CODE_SIGN_IDENTITY[sdk=iphoneos*]" = "iPhone Developer";
				COPY_PHASE_STRIP = NO;
				DEBUG_INFORMATION_FORMAT = "dwarf-with-dsym";
				ENABLE_NS_ASSERTIONS = NO;
				ENABLE_STRICT_OBJC_MSGSEND = YES;
				GCC_C_LANGUAGE_STANDARD = gnu99;
				GCC_NO_COMMON_BLOCKS = YES;
				GCC_WARN_64_TO_32_BIT_CONVERSION = YES;
				GCC_WARN_ABOUT_RETURN_TYPE = YES_ERROR;
				GCC_WARN_UNDECLARED_SELECTOR = YES;
				GCC_WARN_UNINITIALIZED_AUTOS = YES_AGGRESSIVE;
				GCC_WARN_UNUSED_FUNCTION = YES;
				GCC_WARN_UNUSED_VARIABLE = YES;
				IPHONEOS_DEPLOYMENT_TARGET = 10.3;
				MTL_ENABLE_DEBUG_INFO = NO;
				SDKROOT = iphoneos;
				SWIFT_OPTIMIZATION_LEVEL = "-Owholemodule";
				VALIDATE_PRODUCT = YES;
			};
			name = Release;
		};
		D9D7B7781F4714260049499D /* Debug */ = {
			isa = XCBuildConfiguration;
			baseConfigurationReference = 7A9CD7CEF86D9877DE71C715 /* Pods-CurrencyConverter.debug.xcconfig */;
			buildSettings = {
				ASSETCATALOG_COMPILER_APPICON_NAME = AppIcon;
				DEVELOPMENT_TEAM = VZAF75A3EV;
				INFOPLIST_FILE = CurrencyConverter/Info.plist;
				LD_RUNPATH_SEARCH_PATHS = "$(inherited) @executable_path/Frameworks";
				PRODUCT_BUNDLE_IDENTIFIER = com.Rokas.CurrencyConverter;
				PRODUCT_NAME = "$(TARGET_NAME)";
				SWIFT_VERSION = 3.0;
			};
			name = Debug;
		};
		D9D7B7791F4714260049499D /* Release */ = {
			isa = XCBuildConfiguration;
			baseConfigurationReference = 4161C102D279CE926BA4F7F4 /* Pods-CurrencyConverter.release.xcconfig */;
			buildSettings = {
				ASSETCATALOG_COMPILER_APPICON_NAME = AppIcon;
				DEVELOPMENT_TEAM = VZAF75A3EV;
				INFOPLIST_FILE = CurrencyConverter/Info.plist;
				LD_RUNPATH_SEARCH_PATHS = "$(inherited) @executable_path/Frameworks";
				PRODUCT_BUNDLE_IDENTIFIER = com.Rokas.CurrencyConverter;
				PRODUCT_NAME = "$(TARGET_NAME)";
				SWIFT_VERSION = 3.0;
			};
			name = Release;
		};
/* End XCBuildConfiguration section */

/* Begin XCConfigurationList section */
		D9D7B7601F4714260049499D /* Build configuration list for PBXProject "CurrencyConverter" */ = {
			isa = XCConfigurationList;
			buildConfigurations = (
				D9D7B7751F4714260049499D /* Debug */,
				D9D7B7761F4714260049499D /* Release */,
			);
			defaultConfigurationIsVisible = 0;
			defaultConfigurationName = Release;
		};
		D9D7B7771F4714260049499D /* Build configuration list for PBXNativeTarget "CurrencyConverter" */ = {
			isa = XCConfigurationList;
			buildConfigurations = (
				D9D7B7781F4714260049499D /* Debug */,
				D9D7B7791F4714260049499D /* Release */,
			);
			defaultConfigurationIsVisible = 0;
			defaultConfigurationName = Release;
		};
/* End XCConfigurationList section */
	};
	rootObject = D9D7B75D1F4714260049499D /* Project object */;
}
